
Microsoft Visual Studio Solution File, Format Version 12.00
# Visual Studio Version 17
VisualStudioVersion = 17.0.32002.185
MinimumVisualStudioVersion = 10.0.40219.1
Project("{9A19103F-16F7-4668-BE54-9A1E7A4F7556}") = "OE.SigMod.Client", "OE.SigMod\Client\OE.SigMod.Client.csproj", "{5411B8C6-C4A8-4F27-8EFD-09441B78B91B}"
EndProject
Project("{9A19103F-16F7-4668-BE54-9A1E7A4F7556}") = "OE.SigMod.Server", "OE.SigMod\Server\OE.SigMod.Server.csproj", "{979E265C-870D-4F17-AFB7-005C8F67266F}"
EndProject
Project("{9A19103F-16F7-4668-BE54-9A1E7A4F7556}") = "OE.SigMod.Shared", "OE.SigMod\Shared\OE.SigMod.Shared.csproj", "{964E849B-E0B3-46CB-9D77-45EED9FDB4CC}"
EndProject
Project("{9A19103F-16F7-4668-BE54-9A1E7A4F7556}") = "OE.SigMod.Package", "OE.SigMod\Package\OE.SigMod.Package.csproj", "{12576C6D-9987-4C2D-BB0B-6811F67B92EE}"
EndProject
Project("{9A19103F-16F7-4668-BE54-9A1E7A4F7556}") = "Oqtane.Server", "oqtane.framework\Oqtane.Server\Oqtane.Server.csproj", "{8A6B1E14-03A6-4959-BF90-0C4A6E993E5D}"
EndProject
Project("{9A19103F-16F7-4668-BE54-9A1E7A4F7556}") = "Oqtane.Client", "oqtane.framework\Oqtane.Client\Oqtane.Client.csproj", "{054742E5-2C45-4E47-ABEA-9AFEB5335D2F}"
EndProject
Project("{9A19103F-16F7-4668-BE54-9A1E7A4F7556}") = "Oqtane.Shared", "oqtane.framework\Oqtane.Shared\Oqtane.Shared.csproj", "{A1CD8474-216A-45C9-958B-97C9694F96A9}"
EndProject
Global
	GlobalSection(SolutionConfigurationPlatforms) = preSolution
		Debug|Any CPU = Debug|Any CPU
		Release|Any CPU = Release|Any CPU
	EndGlobalSection
	GlobalSection(ProjectConfigurationPlatforms) = postSolution
		{5411B8C6-C4A8-4F27-8EFD-09441B78B91B}.Debug|Any CPU.ActiveCfg = Debug|Any CPU
		{5411B8C6-C4A8-4F27-8EFD-09441B78B91B}.Debug|Any CPU.Build.0 = Debug|Any CPU
		{5411B8C6-C4A8-4F27-8EFD-09441B78B91B}.Release|Any CPU.ActiveCfg = Release|Any CPU
		{5411B8C6-C4A8-4F27-8EFD-09441B78B91B}.Release|Any CPU.Build.0 = Release|Any CPU
		{979E265C-870D-4F17-AFB7-005C8F67266F}.Debug|Any CPU.ActiveCfg = Debug|Any CPU
		{979E265C-870D-4F17-AFB7-005C8F67266F}.Debug|Any CPU.Build.0 = Debug|Any CPU
		{979E265C-870D-4F17-AFB7-005C8F67266F}.Release|Any CPU.ActiveCfg = Release|Any CPU
		{979E265C-870D-4F17-AFB7-005C8F67266F}.Release|Any CPU.Build.0 = Release|Any CPU
		{964E849B-E0B3-46CB-9D77-45EED9FDB4CC}.Debug|Any CPU.ActiveCfg = Debug|Any CPU
		{964E849B-E0B3-46CB-9D77-45EED9FDB4CC}.Debug|Any CPU.Build.0 = Debug|Any CPU
		{964E849B-E0B3-46CB-9D77-45EED9FDB4CC}.Release|Any CPU.ActiveCfg = Release|Any CPU
		{964E849B-E0B3-46CB-9D77-45EED9FDB4CC}.Release|Any CPU.Build.0 = Release|Any CPU
		{12576C6D-9987-4C2D-BB0B-6811F67B92EE}.Debug|Any CPU.ActiveCfg = Debug|Any CPU
		{12576C6D-9987-4C2D-BB0B-6811F67B92EE}.Debug|Any CPU.Build.0 = Debug|Any CPU
		{12576C6D-9987-4C2D-BB0B-6811F67B92EE}.Release|Any CPU.ActiveCfg = Release|Any CPU
		{12576C6D-9987-4C2D-BB0B-6811F67B92EE}.Release|Any CPU.Build.0 = Release|Any CPU
		{8A6B1E14-03A6-4959-BF90-0C4A6E993E5D}.Debug|Any CPU.ActiveCfg = Debug|Any CPU
		{8A6B1E14-03A6-4959-BF90-0C4A6E993E5D}.Debug|Any CPU.Build.0 = Debug|Any CPU
		{8A6B1E14-03A6-4959-BF90-0C4A6E993E5D}.Release|Any CPU.ActiveCfg = Release|Any CPU
		{8A6B1E14-03A6-4959-BF90-0C4A6E993E5D}.Release|Any CPU.Build.0 = Release|Any CPU
		{054742E5-2C45-4E47-ABEA-9AFEB5335D2F}.Debug|Any CPU.ActiveCfg = Debug|Any CPU
		{054742E5-2C45-4E47-ABEA-9AFEB5335D2F}.Debug|Any CPU.Build.0 = Debug|Any CPU
		{054742E5-2C45-4E47-ABEA-9AFEB5335D2F}.Release|Any CPU.ActiveCfg = Release|Any CPU
		{054742E5-2C45-4E47-ABEA-9AFEB5335D2F}.Release|Any CPU.Build.0 = Release|Any CPU
		{A1CD8474-216A-45C9-958B-97C9694F96A9}.Debug|Any CPU.ActiveCfg = Debug|Any CPU
		{A1CD8474-216A-45C9-958B-97C9694F96A9}.Debug|Any CPU.Build.0 = Debug|Any CPU
		{A1CD8474-216A-45C9-958B-97C9694F96A9}.Release|Any CPU.ActiveCfg = Release|Any CPU
		{A1CD8474-216A-45C9-958B-97C9694F96A9}.Release|Any CPU.Build.0 = Release|Any CPU
	EndGlobalSection
	GlobalSection(SolutionProperties) = preSolution
		HideSolutionNode = FALSE
	EndGlobalSection
	GlobalSection(ExtensibilityGlobals) = postSolution
		SolutionGuid = {12F30BC1-7BD6-476B-A53B-6CDF164D2834}
	EndGlobalSection
EndGlobal
